
Microsoft Visual Studio Solution File, Format Version 12.00
# Visual Studio Version 17
VisualStudioVersion = 17.0.31903.59
MinimumVisualStudioVersion = 10.0.40219.1
Project("{2150E333-8FDC-42A3-9474-1A3956D46DE8}") = "src", "src", "{827E0CD3-B72D-47B6-A68D-7590B98EB39B}"
EndProject
Project("{2150E333-8FDC-42A3-9474-1A3956D46DE8}") = "Domain", "Domain", "{8B290487-4C16-E85E-E807-F579CBE9FC4D}"
EndProject
Project("{FAE04EC0-301F-11D3-BF4B-00C04F79EFBC}") = "MovieSite.Domain", "src\Domain\MovieSite.Domain.csproj", "{BD2F9069-ED50-48E5-9BD0-4ED2F0763728}"
EndProject
Project("{2150E333-8FDC-42A3-9474-1A3956D46DE8}") = "Application", "Application", "{22BAF98C-8415-17C4-B26A-D537657BC863}"
EndProject
Project("{FAE04EC0-301F-11D3-BF4B-00C04F79EFBC}") = "MovieSite.Application", "src\Application\MovieSite.Application.csproj", "{70B137A1-EA63-4A52-8960-8F3A9816F5C5}"
EndProject
Project("{2150E333-8FDC-42A3-9474-1A3956D46DE8}") = "Infrastructure", "Infrastructure", "{9048EB7F-3875-A59E-E36B-5BD4C6F2A282}"
EndProject
Project("{FAE04EC0-301F-11D3-BF4B-00C04F79EFBC}") = "MovieSite.Infrastructure", "src\Infrastructure\MovieSite.Infrastructure.csproj", "{F0E1C1CC-B969-47C8-870A-FC4F1F1C6E73}"
EndProject
Project("{2150E333-8FDC-42A3-9474-1A3956D46DE8}") = "API", "API", "{81034408-37C8-1011-444E-4C15C2FADA8E}"
EndProject
Project("{FAE04EC0-301F-11D3-BF4B-00C04F79EFBC}") = "MovieSite.API", "src\API\MovieSite.API.csproj", "{C7A9B486-AE5E-488F-853F-598214BFCF60}"
EndProject
Global
	GlobalSection(SolutionConfigurationPlatforms) = preSolution
		Debug|Any CPU = Debug|Any CPU
		Debug|x64 = Debug|x64
		Debug|x86 = Debug|x86
		Release|Any CPU = Release|Any CPU
		Release|x64 = Release|x64
		Release|x86 = Release|x86
	EndGlobalSection
	GlobalSection(ProjectConfigurationPlatforms) = postSolution
		{BD2F9069-ED50-48E5-9BD0-4ED2F0763728}.Debug|Any CPU.ActiveCfg = Debug|Any CPU
		{BD2F9069-ED50-48E5-9BD0-4ED2F0763728}.Debug|Any CPU.Build.0 = Debug|Any CPU
		{BD2F9069-ED50-48E5-9BD0-4ED2F0763728}.Debug|x64.ActiveCfg = Debug|Any CPU
		{BD2F9069-ED50-48E5-9BD0-4ED2F0763728}.Debug|x64.Build.0 = Debug|Any CPU
		{BD2F9069-ED50-48E5-9BD0-4ED2F0763728}.Debug|x86.ActiveCfg = Debug|Any CPU
		{BD2F9069-ED50-48E5-9BD0-4ED2F0763728}.Debug|x86.Build.0 = Debug|Any CPU
		{BD2F9069-ED50-48E5-9BD0-4ED2F0763728}.Release|Any CPU.ActiveCfg = Release|Any CPU
		{BD2F9069-ED50-48E5-9BD0-4ED2F0763728}.Release|Any CPU.Build.0 = Release|Any CPU
		{BD2F9069-ED50-48E5-9BD0-4ED2F0763728}.Release|x64.ActiveCfg = Release|Any CPU
		{BD2F9069-ED50-48E5-9BD0-4ED2F0763728}.Release|x64.Build.0 = Release|Any CPU
		{BD2F9069-ED50-48E5-9BD0-4ED2F0763728}.Release|x86.ActiveCfg = Release|Any CPU
		{BD2F9069-ED50-48E5-9BD0-4ED2F0763728}.Release|x86.Build.0 = Release|Any CPU
		{70B137A1-EA63-4A52-8960-8F3A9816F5C5}.Debug|Any CPU.ActiveCfg = Debug|Any CPU
		{70B137A1-EA63-4A52-8960-8F3A9816F5C5}.Debug|Any CPU.Build.0 = Debug|Any CPU
		{70B137A1-EA63-4A52-8960-8F3A9816F5C5}.Debug|x64.ActiveCfg = Debug|Any CPU
		{70B137A1-EA63-4A52-8960-8F3A9816F5C5}.Debug|x64.Build.0 = Debug|Any CPU
		{70B137A1-EA63-4A52-8960-8F3A9816F5C5}.Debug|x86.ActiveCfg = Debug|Any CPU
		{70B137A1-EA63-4A52-8960-8F3A9816F5C5}.Debug|x86.Build.0 = Debug|Any CPU
		{70B137A1-EA63-4A52-8960-8F3A9816F5C5}.Release|Any CPU.ActiveCfg = Release|Any CPU
		{70B137A1-EA63-4A52-8960-8F3A9816F5C5}.Release|Any CPU.Build.0 = Release|Any CPU
		{70B137A1-EA63-4A52-8960-8F3A9816F5C5}.Release|x64.ActiveCfg = Release|Any CPU
		{70B137A1-EA63-4A52-8960-8F3A9816F5C5}.Release|x64.Build.0 = Release|Any CPU
		{70B137A1-EA63-4A52-8960-8F3A9816F5C5}.Release|x86.ActiveCfg = Release|Any CPU
		{70B137A1-EA63-4A52-8960-8F3A9816F5C5}.Release|x86.Build.0 = Release|Any CPU
		{F0E1C1CC-B969-47C8-870A-FC4F1F1C6E73}.Debug|Any CPU.ActiveCfg = Debug|Any CPU
		{F0E1C1CC-B969-47C8-870A-FC4F1F1C6E73}.Debug|Any CPU.Build.0 = Debug|Any CPU
		{F0E1C1CC-B969-47C8-870A-FC4F1F1C6E73}.Debug|x64.ActiveCfg = Debug|Any CPU
		{F0E1C1CC-B969-47C8-870A-FC4F1F1C6E73}.Debug|x64.Build.0 = Debug|Any CPU
		{F0E1C1CC-B969-47C8-870A-FC4F1F1C6E73}.Debug|x86.ActiveCfg = Debug|Any CPU
		{F0E1C1CC-B969-47C8-870A-FC4F1F1C6E73}.Debug|x86.Build.0 = Debug|Any CPU
		{F0E1C1CC-B969-47C8-870A-FC4F1F1C6E73}.Release|Any CPU.ActiveCfg = Release|Any CPU
		{F0E1C1CC-B969-47C8-870A-FC4F1F1C6E73}.Release|Any CPU.Build.0 = Release|Any CPU
		{F0E1C1CC-B969-47C8-870A-FC4F1F1C6E73}.Release|x64.ActiveCfg = Release|Any CPU
		{F0E1C1CC-B969-47C8-870A-FC4F1F1C6E73}.Release|x64.Build.0 = Release|Any CPU
		{F0E1C1CC-B969-47C8-870A-FC4F1F1C6E73}.Release|x86.ActiveCfg = Release|Any CPU
		{F0E1C1CC-B969-47C8-870A-FC4F1F1C6E73}.Release|x86.Build.0 = Release|Any CPU
		{C7A9B486-AE5E-488F-853F-598214BFCF60}.Debug|Any CPU.ActiveCfg = Debug|Any CPU
		{C7A9B486-AE5E-488F-853F-598214BFCF60}.Debug|Any CPU.Build.0 = Debug|Any CPU
		{C7A9B486-AE5E-488F-853F-598214BFCF60}.Debug|x64.ActiveCfg = Debug|Any CPU
		{C7A9B486-AE5E-488F-853F-598214BFCF60}.Debug|x64.Build.0 = Debug|Any CPU
		{C7A9B486-AE5E-488F-853F-598214BFCF60}.Debug|x86.ActiveCfg = Debug|Any CPU
		{C7A9B486-AE5E-488F-853F-598214BFCF60}.Debug|x86.Build.0 = Debug|Any CPU
		{C7A9B486-AE5E-488F-853F-598214BFCF60}.Release|Any CPU.ActiveCfg = Release|Any CPU
		{C7A9B486-AE5E-488F-853F-598214BFCF60}.Release|Any CPU.Build.0 = Release|Any CPU
		{C7A9B486-AE5E-488F-853F-598214BFCF60}.Release|x64.ActiveCfg = Release|Any CPU
		{C7A9B486-AE5E-488F-853F-598214BFCF60}.Release|x64.Build.0 = Release|Any CPU
		{C7A9B486-AE5E-488F-853F-598214BFCF60}.Release|x86.ActiveCfg = Release|Any CPU
		{C7A9B486-AE5E-488F-853F-598214BFCF60}.Release|x86.Build.0 = Release|Any CPU
	EndGlobalSection
	GlobalSection(SolutionProperties) = preSolution
		HideSolutionNode = FALSE
	EndGlobalSection
	GlobalSection(NestedProjects) = preSolution
		{8B290487-4C16-E85E-E807-F579CBE9FC4D} = {827E0CD3-B72D-47B6-A68D-7590B98EB39B}
		{BD2F9069-ED50-48E5-9BD0-4ED2F0763728} = {8B290487-4C16-E85E-E807-F579CBE9FC4D}
		{22BAF98C-8415-17C4-B26A-D537657BC863} = {827E0CD3-B72D-47B6-A68D-7590B98EB39B}
		{70B137A1-EA63-4A52-8960-8F3A9816F5C5} = {22BAF98C-8415-17C4-B26A-D537657BC863}
		{9048EB7F-3875-A59E-E36B-5BD4C6F2A282} = {827E0CD3-B72D-47B6-A68D-7590B98EB39B}
		{F0E1C1CC-B969-47C8-870A-FC4F1F1C6E73} = {9048EB7F-3875-A59E-E36B-5BD4C6F2A282}
		{81034408-37C8-1011-444E-4C15C2FADA8E} = {827E0CD3-B72D-47B6-A68D-7590B98EB39B}
		{C7A9B486-AE5E-488F-853F-598214BFCF60} = {81034408-37C8-1011-444E-4C15C2FADA8E}
	EndGlobalSection
EndGlobal
